
Microsoft Visual Studio Solution File, Format Version 12.00
# Visual Studio 15
VisualStudioVersion = 15.0.28307.106
MinimumVisualStudioVersion = 10.0.40219.1
Project("{FAE04EC0-301F-11D3-BF4B-00C04F79EFBC}") = "barraider-stockticker", "barraider-stockticker\barraider-stockticker.csproj", "{D5330551-326F-498D-BA89-B1999364389E}"
EndProject
Global
	GlobalSection(SolutionConfigurationPlatforms) = preSolution
		Debug|Any CPU = Debug|Any CPU
		Release|Any CPU = Release|Any CPU
	EndGlobalSection
	GlobalSection(ProjectConfigurationPlatforms) = postSolution
		{D5330551-326F-498D-BA89-B1999364389E}.Debug|Any CPU.ActiveCfg = Debug|Any CPU
		{D5330551-326F-498D-BA89-B1999364389E}.Debug|Any CPU.Build.0 = Debug|Any CPU
		{D5330551-326F-498D-BA89-B1999364389E}.Release|Any CPU.ActiveCfg = Release|Any CPU
		{D5330551-326F-498D-BA89-B1999364389E}.Release|Any CPU.Build.0 = Release|Any CPU
	EndGlobalSection
	GlobalSection(SolutionProperties) = preSolution
		HideSolutionNode = FALSE
	EndGlobalSection
	GlobalSection(ExtensibilityGlobals) = postSolution
		SolutionGuid = {1F720BE7-4BBA-426F-A9CA-397EBAE3718A}
	EndGlobalSection
EndGlobal
